// !$*UTF8*$!
{
	archiveVersion = 1;
	classes = {
	};
	objectVersion = 46;
	objects = {

/* Begin PBXBuildFile section */
		13524F88561B15B396EB1A7F /* libPods.a in Frameworks */ = {isa = PBXBuildFile; fileRef = 2D0A9B8CEB1C27B57A081A49 /* libPods.a */; };
		E26DE3DC1C51CDD100D1326D /* main.m in Sources */ = {isa = PBXBuildFile; fileRef = E26DE3DB1C51CDD100D1326D /* main.m */; };
		E26DE3DF1C51CDD100D1326D /* AppDelegate.m in Sources */ = {isa = PBXBuildFile; fileRef = E26DE3DE1C51CDD100D1326D /* AppDelegate.m */; };
		E26DE3E71C51CDD100D1326D /* Assets.xcassets in Resources */ = {isa = PBXBuildFile; fileRef = E26DE3E61C51CDD100D1326D /* Assets.xcassets */; };
		E26DE3EA1C51CDD100D1326D /* LaunchScreen.storyboard in Resources */ = {isa = PBXBuildFile; fileRef = E26DE3E81C51CDD100D1326D /* LaunchScreen.storyboard */; };
		E26DE3F51C51CDD100D1326D /* CDDBaseProjectTests.m in Sources */ = {isa = PBXBuildFile; fileRef = E26DE3F41C51CDD100D1326D /* CDDBaseProjectTests.m */; };
		E26DE4001C51CDD100D1326D /* CDDBaseProjectUITests.m in Sources */ = {isa = PBXBuildFile; fileRef = E26DE3FF1C51CDD100D1326D /* CDDBaseProjectUITests.m */; };
/* End PBXBuildFile section */

/* Begin PBXContainerItemProxy section */
		E26DE3F11C51CDD100D1326D /* PBXContainerItemProxy */ = {
			isa = PBXContainerItemProxy;
			containerPortal = E26DE3CF1C51CDD100D1326D /* Project object */;
			proxyType = 1;
			remoteGlobalIDString = E26DE3D61C51CDD100D1326D;
			remoteInfo = CDDBaseProject;
		};
		E26DE3FC1C51CDD100D1326D /* PBXContainerItemProxy */ = {
			isa = PBXContainerItemProxy;
			containerPortal = E26DE3CF1C51CDD100D1326D /* Project object */;
			proxyType = 1;
			remoteGlobalIDString = E26DE3D61C51CDD100D1326D;
			remoteInfo = CDDBaseProject;
		};
/* End PBXContainerItemProxy section */

/* Begin PBXFileReference section */
		2D0A9B8CEB1C27B57A081A49 /* libPods.a */ = {isa = PBXFileReference; explicitFileType = archive.ar; includeInIndex = 0; path = libPods.a; sourceTree = BUILT_PRODUCTS_DIR; };
		9459A5E675BA79E77AD39635 /* Pods.debug.xcconfig */ = {isa = PBXFileReference; includeInIndex = 1; lastKnownFileType = text.xcconfig; name = Pods.debug.xcconfig; path = "Pods/Target Support Files/Pods/Pods.debug.xcconfig"; sourceTree = "<group>"; };
		BB8E0375F031604F01D6424D /* Pods.release.xcconfig */ = {isa = PBXFileReference; includeInIndex = 1; lastKnownFileType = text.xcconfig; name = Pods.release.xcconfig; path = "Pods/Target Support Files/Pods/Pods.release.xcconfig"; sourceTree = "<group>"; };
		E26DE3D71C51CDD100D1326D /* CDDBaseProject.app */ = {isa = PBXFileReference; explicitFileType = wrapper.application; includeInIndex = 0; path = CDDBaseProject.app; sourceTree = BUILT_PRODUCTS_DIR; };
		E26DE3DB1C51CDD100D1326D /* main.m */ = {isa = PBXFileReference; lastKnownFileType = sourcecode.c.objc; path = main.m; sourceTree = "<group>"; };
		E26DE3DD1C51CDD100D1326D /* AppDelegate.h */ = {isa = PBXFileReference; lastKnownFileType = sourcecode.c.h; name = AppDelegate.h; path = ../../../AppDelegate.h; sourceTree = "<group>"; };
		E26DE3DE1C51CDD100D1326D /* AppDelegate.m */ = {isa = PBXFileReference; lastKnownFileType = sourcecode.c.objc; name = AppDelegate.m; path = ../../../AppDelegate.m; sourceTree = "<group>"; };
		E26DE3E61C51CDD100D1326D /* Assets.xcassets */ = {isa = PBXFileReference; lastKnownFileType = folder.assetcatalog; path = Assets.xcassets; sourceTree = "<group>"; };
		E26DE3E91C51CDD100D1326D /* Base */ = {isa = PBXFileReference; lastKnownFileType = file.storyboard; name = Base; path = Base.lproj/LaunchScreen.storyboard; sourceTree = "<group>"; };
		E26DE3EB1C51CDD100D1326D /* Info.plist */ = {isa = PBXFileReference; lastKnownFileType = text.plist.xml; path = Info.plist; sourceTree = "<group>"; };
		E26DE3F01C51CDD100D1326D /* CDDBaseProjectTests.xctest */ = {isa = PBXFileReference; explicitFileType = wrapper.cfbundle; includeInIndex = 0; path = CDDBaseProjectTests.xctest; sourceTree = BUILT_PRODUCTS_DIR; };
		E26DE3F41C51CDD100D1326D /* CDDBaseProjectTests.m */ = {isa = PBXFileReference; lastKnownFileType = sourcecode.c.objc; path = CDDBaseProjectTests.m; sourceTree = "<group>"; };
		E26DE3F61C51CDD100D1326D /* Info.plist */ = {isa = PBXFileReference; lastKnownFileType = text.plist.xml; path = Info.plist; sourceTree = "<group>"; };
		E26DE3FB1C51CDD100D1326D /* CDDBaseProjectUITests.xctest */ = {isa = PBXFileReference; explicitFileType = wrapper.cfbundle; includeInIndex = 0; path = CDDBaseProjectUITests.xctest; sourceTree = BUILT_PRODUCTS_DIR; };
		E26DE3FF1C51CDD100D1326D /* CDDBaseProjectUITests.m */ = {isa = PBXFileReference; lastKnownFileType = sourcecode.c.objc; path = CDDBaseProjectUITests.m; sourceTree = "<group>"; };
		E26DE4011C51CDD100D1326D /* Info.plist */ = {isa = PBXFileReference; lastKnownFileType = text.plist.xml; path = Info.plist; sourceTree = "<group>"; };
		E2BD7E371C5B045300445A18 /* Define.h */ = {isa = PBXFileReference; lastKnownFileType = sourcecode.c.h; path = Define.h; sourceTree = "<group>"; };
		E2BD7E381C5B046D00445A18 /* DefineDevice.h */ = {isa = PBXFileReference; lastKnownFileType = sourcecode.c.h; path = DefineDevice.h; sourceTree = "<group>"; };
		E2BD7E391C5B048800445A18 /* DefineUI.h */ = {isa = PBXFileReference; lastKnownFileType = sourcecode.c.h; path = DefineUI.h; sourceTree = "<group>"; };
		E2BD7E3A1C5B098B00445A18 /* DefineLog.h */ = {isa = PBXFileReference; lastKnownFileType = sourcecode.c.h; path = DefineLog.h; sourceTree = "<group>"; };
		E2BD7E3B1C5B0BE600445A18 /* DefineAPI.h */ = {isa = PBXFileReference; lastKnownFileType = sourcecode.c.h; path = DefineAPI.h; sourceTree = "<group>"; };
/* End PBXFileReference section */

/* Begin PBXFrameworksBuildPhase section */
		E26DE3D41C51CDD100D1326D /* Frameworks */ = {
			isa = PBXFrameworksBuildPhase;
			buildActionMask = 2147483647;
			files = (
				13524F88561B15B396EB1A7F /* libPods.a in Frameworks */,
			);
			runOnlyForDeploymentPostprocessing = 0;
		};
		E26DE3ED1C51CDD100D1326D /* Frameworks */ = {
			isa = PBXFrameworksBuildPhase;
			buildActionMask = 2147483647;
			files = (
			);
			runOnlyForDeploymentPostprocessing = 0;
		};
		E26DE3F81C51CDD100D1326D /* Frameworks */ = {
			isa = PBXFrameworksBuildPhase;
			buildActionMask = 2147483647;
			files = (
			);
			runOnlyForDeploymentPostprocessing = 0;
		};
/* End PBXFrameworksBuildPhase section */

/* Begin PBXGroup section */
		486EA95AA1FEAEACAA5538F8 /* Pods */ = {
			isa = PBXGroup;
			children = (
				9459A5E675BA79E77AD39635 /* Pods.debug.xcconfig */,
				BB8E0375F031604F01D6424D /* Pods.release.xcconfig */,
			);
			name = Pods;
			sourceTree = "<group>";
		};
		AEE0EEB342E38D2B684CBBC0 /* Frameworks */ = {
			isa = PBXGroup;
			children = (
				2D0A9B8CEB1C27B57A081A49 /* libPods.a */,
			);
			name = Frameworks;
			sourceTree = "<group>";
		};
		E26DE3CE1C51CDD100D1326D = {
			isa = PBXGroup;
			children = (
				E26DE3D91C51CDD100D1326D /* CDDBaseProject */,
				E26DE3F31C51CDD100D1326D /* CDDBaseProjectTests */,
				E26DE3FE1C51CDD100D1326D /* CDDBaseProjectUITests */,
				E26DE3D81C51CDD100D1326D /* Products */,
				486EA95AA1FEAEACAA5538F8 /* Pods */,
				AEE0EEB342E38D2B684CBBC0 /* Frameworks */,
			);
			sourceTree = "<group>";
		};
		E26DE3D81C51CDD100D1326D /* Products */ = {
			isa = PBXGroup;
			children = (
				E26DE3D71C51CDD100D1326D /* CDDBaseProject.app */,
				E26DE3F01C51CDD100D1326D /* CDDBaseProjectTests.xctest */,
				E26DE3FB1C51CDD100D1326D /* CDDBaseProjectUITests.xctest */,
			);
			name = Products;
			sourceTree = "<group>";
		};
		E26DE3D91C51CDD100D1326D /* CDDBaseProject */ = {
			isa = PBXGroup;
			children = (
				E26DE40E1C51D5FF00D1326D /* Main(主要) */,
				E26DE40D1C51D5F900D1326D /* Expand(拓展) */,
				E26DE3DA1C51CDD100D1326D /* Supporting Files */,
			);
			path = CDDBaseProject;
			sourceTree = "<group>";
		};
		E26DE3DA1C51CDD100D1326D /* Supporting Files */ = {
			isa = PBXGroup;
			children = (
				E26DE3E61C51CDD100D1326D /* Assets.xcassets */,
				E26DE3E81C51CDD100D1326D /* LaunchScreen.storyboard */,
				E26DE3EB1C51CDD100D1326D /* Info.plist */,
				E26DE3DB1C51CDD100D1326D /* main.m */,
			);
			name = "Supporting Files";
			sourceTree = "<group>";
		};
		E26DE3F31C51CDD100D1326D /* CDDBaseProjectTests */ = {
			isa = PBXGroup;
			children = (
				E26DE3F41C51CDD100D1326D /* CDDBaseProjectTests.m */,
				E26DE3F61C51CDD100D1326D /* Info.plist */,
			);
			path = CDDBaseProjectTests;
			sourceTree = "<group>";
		};
		E26DE3FE1C51CDD100D1326D /* CDDBaseProjectUITests */ = {
			isa = PBXGroup;
			children = (
				E26DE3FF1C51CDD100D1326D /* CDDBaseProjectUITests.m */,
				E26DE4011C51CDD100D1326D /* Info.plist */,
			);
			path = CDDBaseProjectUITests;
			sourceTree = "<group>";
		};
		E26DE40D1C51D5F900D1326D /* Expand(拓展) */ = {
			isa = PBXGroup;
			children = (
				E2F0F63D1C577F7C00A0B757 /* NetWork(网络) */,
				E2F0F6391C577F7C00A0B757 /* Category(分类) */,
				E2F0F63A1C577F7C00A0B757 /* Const(常量) */,
				E2F0F63C1C577F7C00A0B757 /* Macros(宏) */,
				E2F0F63E1C577F7C00A0B757 /* Tool(工具类) */,
				E2F0F63B1C577F7C00A0B757 /* DataBase(数据库) */,
			);
			path = "Expand(拓展)";
			sourceTree = "<group>";
		};
		E26DE40E1C51D5FF00D1326D /* Main(主要) */ = {
			isa = PBXGroup;
			children = (
				E26DE41B1C521ECF00D1326D /* Index */,
				E26DE41A1C521EC600D1326D /* Course */,
				E26DE4191C521EC000D1326D /* Read */,
				E26DE4181C521EBB00D1326D /* Me */,
				E26DE40F1C51D5FF00D1326D /* Other(其他) */,
			);
			path = "Main(主要)";
			sourceTree = "<group>";
		};
		E26DE40F1C51D5FF00D1326D /* Other(其他) */ = {
			isa = PBXGroup;
			children = (
				E26DE4161C51D5FF00D1326D /* Start(启动页) */,
				E26DE4121C51D5FF00D1326D /* Newfeature(新特性) */,
				E26DE4101C51D5FF00D1326D /* Login(登录) */,
				E26DE4151C51D5FF00D1326D /* Setting(设置) */,
				E26DE4141C51D5FF00D1326D /* Public(公共) */,
				E26DE4111C51D5FF00D1326D /* Navigation */,
				E26DE4171C51D5FF00D1326D /* TabBar */,
				E26DE4131C51D5FF00D1326D /* Other */,
			);
			path = "Other(其他)";
			sourceTree = "<group>";
		};
		E26DE4101C51D5FF00D1326D /* Login(登录) */ = {
			isa = PBXGroup;
			children = (
			);
			path = "Login(登录)";
			sourceTree = "<group>";
		};
		E26DE4111C51D5FF00D1326D /* Navigation */ = {
			isa = PBXGroup;
			children = (
			);
			path = Navigation;
			sourceTree = "<group>";
		};
		E26DE4121C51D5FF00D1326D /* Newfeature(新特性) */ = {
			isa = PBXGroup;
			children = (
			);
			path = "Newfeature(新特性)";
			sourceTree = "<group>";
		};
		E26DE4131C51D5FF00D1326D /* Other */ = {
			isa = PBXGroup;
			children = (
				E26DE3DD1C51CDD100D1326D /* AppDelegate.h */,
				E26DE3DE1C51CDD100D1326D /* AppDelegate.m */,
			);
			path = Other;
			sourceTree = "<group>";
		};
		E26DE4141C51D5FF00D1326D /* Public(公共) */ = {
			isa = PBXGroup;
			children = (
			);
			path = "Public(公共)";
			sourceTree = "<group>";
		};
		E26DE4151C51D5FF00D1326D /* Setting(设置) */ = {
			isa = PBXGroup;
			children = (
			);
			path = "Setting(设置)";
			sourceTree = "<group>";
		};
		E26DE4161C51D5FF00D1326D /* Start(启动页) */ = {
			isa = PBXGroup;
			children = (
			);
			path = "Start(启动页)";
			sourceTree = "<group>";
		};
		E26DE4171C51D5FF00D1326D /* TabBar */ = {
			isa = PBXGroup;
			children = (
			);
			path = TabBar;
			sourceTree = "<group>";
		};
		E26DE4181C521EBB00D1326D /* Me */ = {
			isa = PBXGroup;
			children = (
				E26DE42E1C521F8600D1326D /* ViewController */,
				E26DE42C1C521F8600D1326D /* Model */,
				E26DE42F1C521F8600D1326D /* ViewModel */,
				E26DE42D1C521F8600D1326D /* View */,
			);
			path = Me;
			sourceTree = "<group>";
		};
		E26DE4191C521EC000D1326D /* Read */ = {
			isa = PBXGroup;
			children = (
				E26DE41F1C521F0600D1326D /* ViewController */,
				E26DE41D1C521F0600D1326D /* Model */,
				E26DE4201C521F0600D1326D /* ViewModel */,
				E26DE41E1C521F0600D1326D /* View */,
			);
			path = Read;
			sourceTree = "<group>";
		};
		E26DE41A1C521EC600D1326D /* Course */ = {
			isa = PBXGroup;
			children = (
				E26DE4291C521F7900D1326D /* ViewController */,
				E26DE4271C521F7900D1326D /* Model */,
				E26DE42A1C521F7900D1326D /* ViewModel */,
				E26DE4281C521F7900D1326D /* View */,
			);
			path = Course;
			sourceTree = "<group>";
		};
		E26DE41B1C521ECF00D1326D /* Index */ = {
			isa = PBXGroup;
			children = (
				E26DE4241C521F6B00D1326D /* ViewController */,
				E26DE4221C521F6B00D1326D /* Model */,
				E26DE4251C521F6B00D1326D /* ViewModel */,
				E26DE4231C521F6B00D1326D /* View */,
			);
			path = Index;
			sourceTree = "<group>";
		};
		E26DE41D1C521F0600D1326D /* Model */ = {
			isa = PBXGroup;
			children = (
			);
			path = Model;
			sourceTree = "<group>";
		};
		E26DE41E1C521F0600D1326D /* View */ = {
			isa = PBXGroup;
			children = (
			);
			path = View;
			sourceTree = "<group>";
		};
		E26DE41F1C521F0600D1326D /* ViewController */ = {
			isa = PBXGroup;
			children = (
			);
			path = ViewController;
			sourceTree = "<group>";
		};
		E26DE4201C521F0600D1326D /* ViewModel */ = {
			isa = PBXGroup;
			children = (
			);
			path = ViewModel;
			sourceTree = "<group>";
		};
		E26DE4221C521F6B00D1326D /* Model */ = {
			isa = PBXGroup;
			children = (
			);
			path = Model;
			sourceTree = "<group>";
		};
		E26DE4231C521F6B00D1326D /* View */ = {
			isa = PBXGroup;
			children = (
			);
			path = View;
			sourceTree = "<group>";
		};
		E26DE4241C521F6B00D1326D /* ViewController */ = {
			isa = PBXGroup;
			children = (
			);
			path = ViewController;
			sourceTree = "<group>";
		};
		E26DE4251C521F6B00D1326D /* ViewModel */ = {
			isa = PBXGroup;
			children = (
			);
			path = ViewModel;
			sourceTree = "<group>";
		};
		E26DE4271C521F7900D1326D /* Model */ = {
			isa = PBXGroup;
			children = (
			);
			path = Model;
			sourceTree = "<group>";
		};
		E26DE4281C521F7900D1326D /* View */ = {
			isa = PBXGroup;
			children = (
			);
			path = View;
			sourceTree = "<group>";
		};
		E26DE4291C521F7900D1326D /* ViewController */ = {
			isa = PBXGroup;
			children = (
			);
			path = ViewController;
			sourceTree = "<group>";
		};
		E26DE42A1C521F7900D1326D /* ViewModel */ = {
			isa = PBXGroup;
			children = (
			);
			path = ViewModel;
			sourceTree = "<group>";
		};
		E26DE42C1C521F8600D1326D /* Model */ = {
			isa = PBXGroup;
			children = (
			);
			path = Model;
			sourceTree = "<group>";
		};
		E26DE42D1C521F8600D1326D /* View */ = {
			isa = PBXGroup;
			children = (
			);
			path = View;
			sourceTree = "<group>";
		};
		E26DE42E1C521F8600D1326D /* ViewController */ = {
			isa = PBXGroup;
			children = (
			);
			path = ViewController;
			sourceTree = "<group>";
		};
		E26DE42F1C521F8600D1326D /* ViewModel */ = {
			isa = PBXGroup;
			children = (
			);
			path = ViewModel;
			sourceTree = "<group>";
		};
		E2F0F6391C577F7C00A0B757 /* Category(分类) */ = {
			isa = PBXGroup;
			children = (
			);
			path = "Category(分类)";
			sourceTree = "<group>";
		};
		E2F0F63A1C577F7C00A0B757 /* Const(常量) */ = {
			isa = PBXGroup;
			children = (
			);
			path = "Const(常量)";
			sourceTree = "<group>";
		};
		E2F0F63B1C577F7C00A0B757 /* DataBase(数据库) */ = {
			isa = PBXGroup;
			children = (
			);
			path = "DataBase(数据库)";
			sourceTree = "<group>";
		};
		E2F0F63C1C577F7C00A0B757 /* Macros(宏) */ = {
			isa = PBXGroup;
			children = (
				E2BD7E371C5B045300445A18 /* Define.h */,
				E2BD7E3B1C5B0BE600445A18 /* DefineAPI.h */,
				E2BD7E381C5B046D00445A18 /* DefineDevice.h */,
				E2BD7E391C5B048800445A18 /* DefineUI.h */,
				E2BD7E3A1C5B098B00445A18 /* DefineLog.h */,
			);
			path = "Macros(宏)";
			sourceTree = "<group>";
		};
		E2F0F63D1C577F7C00A0B757 /* NetWork(网络) */ = {
			isa = PBXGroup;
			children = (
			);
			path = "NetWork(网络)";
			sourceTree = "<group>";
		};
		E2F0F63E1C577F7C00A0B757 /* Tool(工具类) */ = {
			isa = PBXGroup;
			children = (
			);
			path = "Tool(工具类)";
			sourceTree = "<group>";
		};
/* End PBXGroup section */

/* Begin PBXNativeTarget section */
		E26DE3D61C51CDD100D1326D /* CDDBaseProject */ = {
			isa = PBXNativeTarget;
			buildConfigurationList = E26DE4041C51CDD100D1326D /* Build configuration list for PBXNativeTarget "CDDBaseProject" */;
			buildPhases = (
				B8491EE87A45A013E57B98DB /* Check Pods Manifest.lock */,
				E26DE3D31C51CDD100D1326D /* Sources */,
				E26DE3D41C51CDD100D1326D /* Frameworks */,
				E26DE3D51C51CDD100D1326D /* Resources */,
				F8C5EB2E1F9A4F07A842B01A /* Copy Pods Resources */,
			);
			buildRules = (
			);
			dependencies = (
			);
			name = CDDBaseProject;
			productName = CDDBaseProject;
			productReference = E26DE3D71C51CDD100D1326D /* CDDBaseProject.app */;
			productType = "com.apple.product-type.application";
		};
		E26DE3EF1C51CDD100D1326D /* CDDBaseProjectTests */ = {
			isa = PBXNativeTarget;
			buildConfigurationList = E26DE4071C51CDD100D1326D /* Build configuration list for PBXNativeTarget "CDDBaseProjectTests" */;
			buildPhases = (
				E26DE3EC1C51CDD100D1326D /* Sources */,
				E26DE3ED1C51CDD100D1326D /* Frameworks */,
				E26DE3EE1C51CDD100D1326D /* Resources */,
			);
			buildRules = (
			);
			dependencies = (
				E26DE3F21C51CDD100D1326D /* PBXTargetDependency */,
			);
			name = CDDBaseProjectTests;
			productName = CDDBaseProjectTests;
			productReference = E26DE3F01C51CDD100D1326D /* CDDBaseProjectTests.xctest */;
			productType = "com.apple.product-type.bundle.unit-test";
		};
		E26DE3FA1C51CDD100D1326D /* CDDBaseProjectUITests */ = {
			isa = PBXNativeTarget;
			buildConfigurationList = E26DE40A1C51CDD100D1326D /* Build configuration list for PBXNativeTarget "CDDBaseProjectUITests" */;
			buildPhases = (
				E26DE3F71C51CDD100D1326D /* Sources */,
				E26DE3F81C51CDD100D1326D /* Frameworks */,
				E26DE3F91C51CDD100D1326D /* Resources */,
			);
			buildRules = (
			);
			dependencies = (
				E26DE3FD1C51CDD100D1326D /* PBXTargetDependency */,
			);
			name = CDDBaseProjectUITests;
			productName = CDDBaseProjectUITests;
			productReference = E26DE3FB1C51CDD100D1326D /* CDDBaseProjectUITests.xctest */;
			productType = "com.apple.product-type.bundle.ui-testing";
		};
/* End PBXNativeTarget section */

/* Begin PBXProject section */
		E26DE3CF1C51CDD100D1326D /* Project object */ = {
			isa = PBXProject;
			attributes = {
				LastUpgradeCheck = 0720;
				ORGANIZATIONNAME = CDD;
				TargetAttributes = {
					E26DE3D61C51CDD100D1326D = {
						CreatedOnToolsVersion = 7.2;
					};
					E26DE3EF1C51CDD100D1326D = {
						CreatedOnToolsVersion = 7.2;
						TestTargetID = E26DE3D61C51CDD100D1326D;
					};
					E26DE3FA1C51CDD100D1326D = {
						CreatedOnToolsVersion = 7.2;
						TestTargetID = E26DE3D61C51CDD100D1326D;
					};
				};
			};
			buildConfigurationList = E26DE3D21C51CDD100D1326D /* Build configuration list for PBXProject "CDDBaseProject" */;
			compatibilityVersion = "Xcode 3.2";
			developmentRegion = English;
			hasScannedForEncodings = 0;
			knownRegions = (
				en,
				Base,
			);
			mainGroup = E26DE3CE1C51CDD100D1326D;
			productRefGroup = E26DE3D81C51CDD100D1326D /* Products */;
			projectDirPath = "";
			projectRoot = "";
			targets = (
				E26DE3D61C51CDD100D1326D /* CDDBaseProject */,
				E26DE3EF1C51CDD100D1326D /* CDDBaseProjectTests */,
				E26DE3FA1C51CDD100D1326D /* CDDBaseProjectUITests */,
			);
		};
/* End PBXProject section */

/* Begin PBXResourcesBuildPhase section */
		E26DE3D51C51CDD100D1326D /* Resources */ = {
			isa = PBXResourcesBuildPhase;
			buildActionMask = 2147483647;
			files = (
				E26DE3EA1C51CDD100D1326D /* LaunchScreen.storyboard in Resources */,
				E26DE3E71C51CDD100D1326D /* Assets.xcassets in Resources */,
			);
			runOnlyForDeploymentPostprocessing = 0;
		};
		E26DE3EE1C51CDD100D1326D /* Resources */ = {
			isa = PBXResourcesBuildPhase;
			buildActionMask = 2147483647;
			files = (
			);
			runOnlyForDeploymentPostprocessing = 0;
		};
		E26DE3F91C51CDD100D1326D /* Resources */ = {
			isa = PBXResourcesBuildPhase;
			buildActionMask = 2147483647;
			files = (
			);
			runOnlyForDeploymentPostprocessing = 0;
		};
/* End PBXResourcesBuildPhase section */

/* Begin PBXShellScriptBuildPhase section */
		B8491EE87A45A013E57B98DB /* Check Pods Manifest.lock */ = {
			isa = PBXShellScriptBuildPhase;
			buildActionMask = 2147483647;
			files = (
			);
			inputPaths = (
			);
			name = "Check Pods Manifest.lock";
			outputPaths = (
			);
			runOnlyForDeploymentPostprocessing = 0;
			shellPath = /bin/sh;
			shellScript = "diff \"${PODS_ROOT}/../Podfile.lock\" \"${PODS_ROOT}/Manifest.lock\" > /dev/null\nif [[ $? != 0 ]] ; then\n    cat << EOM\nerror: The sandbox is not in sync with the Podfile.lock. Run 'pod install' or update your CocoaPods installation.\nEOM\n    exit 1\nfi\n";
			showEnvVarsInLog = 0;
		};
		F8C5EB2E1F9A4F07A842B01A /* Copy Pods Resources */ = {
			isa = PBXShellScriptBuildPhase;
			buildActionMask = 2147483647;
			files = (
			);
			inputPaths = (
			);
			name = "Copy Pods Resources";
			outputPaths = (
			);
			runOnlyForDeploymentPostprocessing = 0;
			shellPath = /bin/sh;
			shellScript = "\"${SRCROOT}/Pods/Target Support Files/Pods/Pods-resources.sh\"\n";
			showEnvVarsInLog = 0;
		};
/* End PBXShellScriptBuildPhase section */

/* Begin PBXSourcesBuildPhase section */
		E26DE3D31C51CDD100D1326D /* Sources */ = {
			isa = PBXSourcesBuildPhase;
			buildActionMask = 2147483647;
			files = (
				E26DE3DF1C51CDD100D1326D /* AppDelegate.m in Sources */,
				E26DE3DC1C51CDD100D1326D /* main.m in Sources */,
			);
			runOnlyForDeploymentPostprocessing = 0;
		};
		E26DE3EC1C51CDD100D1326D /* Sources */ = {
			isa = PBXSourcesBuildPhase;
			buildActionMask = 2147483647;
			files = (
				E26DE3F51C51CDD100D1326D /* CDDBaseProjectTests.m in Sources */,
			);
			runOnlyForDeploymentPostprocessing = 0;
		};
		E26DE3F71C51CDD100D1326D /* Sources */ = {
			isa = PBXSourcesBuildPhase;
			buildActionMask = 2147483647;
			files = (
				E26DE4001C51CDD100D1326D /* CDDBaseProjectUITests.m in Sources */,
			);
			runOnlyForDeploymentPostprocessing = 0;
		};
/* End PBXSourcesBuildPhase section */

/* Begin PBXTargetDependency section */
		E26DE3F21C51CDD100D1326D /* PBXTargetDependency */ = {
			isa = PBXTargetDependency;
			target = E26DE3D61C51CDD100D1326D /* CDDBaseProject */;
			targetProxy = E26DE3F11C51CDD100D1326D /* PBXContainerItemProxy */;
		};
		E26DE3FD1C51CDD100D1326D /* PBXTargetDependency */ = {
			isa = PBXTargetDependency;
			target = E26DE3D61C51CDD100D1326D /* CDDBaseProject */;
			targetProxy = E26DE3FC1C51CDD100D1326D /* PBXContainerItemProxy */;
		};
/* End PBXTargetDependency section */

/* Begin PBXVariantGroup section */
		E26DE3E81C51CDD100D1326D /* LaunchScreen.storyboard */ = {
			isa = PBXVariantGroup;
			children = (
				E26DE3E91C51CDD100D1326D /* Base */,
			);
			name = LaunchScreen.storyboard;
			sourceTree = "<group>";
		};
/* End PBXVariantGroup section */

/* Begin XCBuildConfiguration section */
		E26DE4021C51CDD100D1326D /* Debug */ = {
			isa = XCBuildConfiguration;
			buildSettings = {
				ALWAYS_SEARCH_USER_PATHS = NO;
				CLANG_CXX_LANGUAGE_STANDARD = "gnu++0x";
				CLANG_CXX_LIBRARY = "libc++";
				CLANG_ENABLE_MODULES = YES;
				CLANG_ENABLE_OBJC_ARC = YES;
				CLANG_WARN_BOOL_CONVERSION = YES;
				CLANG_WARN_CONSTANT_CONVERSION = YES;
				CLANG_WARN_DIRECT_OBJC_ISA_USAGE = YES_ERROR;
				CLANG_WARN_EMPTY_BODY = YES;
				CLANG_WARN_ENUM_CONVERSION = YES;
				CLANG_WARN_INT_CONVERSION = YES;
				CLANG_WARN_OBJC_ROOT_CLASS = YES_ERROR;
				CLANG_WARN_UNREACHABLE_CODE = YES;
				CLANG_WARN__DUPLICATE_METHOD_MATCH = YES;
				"CODE_SIGN_IDENTITY[sdk=iphoneos*]" = "iPhone Developer";
				COPY_PHASE_STRIP = NO;
				DEBUG_INFORMATION_FORMAT = dwarf;
				ENABLE_STRICT_OBJC_MSGSEND = YES;
				ENABLE_TESTABILITY = YES;
				GCC_C_LANGUAGE_STANDARD = gnu99;
				GCC_DYNAMIC_NO_PIC = NO;
				GCC_NO_COMMON_BLOCKS = YES;
				GCC_OPTIMIZATION_LEVEL = 0;
				GCC_PREPROCESSOR_DEFINITIONS = (
					"DEBUG=1",
					"$(inherited)",
				);
				GCC_WARN_64_TO_32_BIT_CONVERSION = YES;
				GCC_WARN_ABOUT_RETURN_TYPE = YES_ERROR;
				GCC_WARN_UNDECLARED_SELECTOR = YES;
				GCC_WARN_UNINITIALIZED_AUTOS = YES_AGGRESSIVE;
				GCC_WARN_UNUSED_FUNCTION = YES;
				GCC_WARN_UNUSED_VARIABLE = YES;
				IPHONEOS_DEPLOYMENT_TARGET = 9.2;
				MTL_ENABLE_DEBUG_INFO = YES;
				ONLY_ACTIVE_ARCH = YES;
				SDKROOT = iphoneos;
			};
			name = Debug;
		};
		E26DE4031C51CDD100D1326D /* Release */ = {
			isa = XCBuildConfiguration;
			buildSettings = {
				ALWAYS_SEARCH_USER_PATHS = NO;
				CLANG_CXX_LANGUAGE_STANDARD = "gnu++0x";
				CLANG_CXX_LIBRARY = "libc++";
				CLANG_ENABLE_MODULES = YES;
				CLANG_ENABLE_OBJC_ARC = YES;
				CLANG_WARN_BOOL_CONVERSION = YES;
				CLANG_WARN_CONSTANT_CONVERSION = YES;
				CLANG_WARN_DIRECT_OBJC_ISA_USAGE = YES_ERROR;
				CLANG_WARN_EMPTY_BODY = YES;
				CLANG_WARN_ENUM_CONVERSION = YES;
				CLANG_WARN_INT_CONVERSION = YES;
				CLANG_WARN_OBJC_ROOT_CLASS = YES_ERROR;
				CLANG_WARN_UNREACHABLE_CODE = YES;
				CLANG_WARN__DUPLICATE_METHOD_MATCH = YES;
				"CODE_SIGN_IDENTITY[sdk=iphoneos*]" = "iPhone Developer";
				COPY_PHASE_STRIP = NO;
				DEBUG_INFORMATION_FORMAT = "dwarf-with-dsym";
				ENABLE_NS_ASSERTIONS = NO;
				ENABLE_STRICT_OBJC_MSGSEND = YES;
				GCC_C_LANGUAGE_STANDARD = gnu99;
				GCC_NO_COMMON_BLOCKS = YES;
				GCC_WARN_64_TO_32_BIT_CONVERSION = YES;
				GCC_WARN_ABOUT_RETURN_TYPE = YES_ERROR;
				GCC_WARN_UNDECLARED_SELECTOR = YES;
				GCC_WARN_UNINITIALIZED_AUTOS = YES_AGGRESSIVE;
				GCC_WARN_UNUSED_FUNCTION = YES;
				GCC_WARN_UNUSED_VARIABLE = YES;
				IPHONEOS_DEPLOYMENT_TARGET = 9.2;
				MTL_ENABLE_DEBUG_INFO = NO;
				SDKROOT = iphoneos;
				VALIDATE_PRODUCT = YES;
			};
			name = Release;
		};
		E26DE4051C51CDD100D1326D /* Debug */ = {
			isa = XCBuildConfiguration;
			baseConfigurationReference = 9459A5E675BA79E77AD39635 /* Pods.debug.xcconfig */;
			buildSettings = {
				ASSETCATALOG_COMPILER_APPICON_NAME = AppIcon;
				INFOPLIST_FILE = CDDBaseProject/Info.plist;
				LD_RUNPATH_SEARCH_PATHS = "$(inherited) @executable_path/Frameworks";
				PRODUCT_BUNDLE_IDENTIFIER = com.CDDBaseProject;
				PRODUCT_NAME = "$(TARGET_NAME)";
			};
			name = Debug;
		};
		E26DE4061C51CDD100D1326D /* Release */ = {
			isa = XCBuildConfiguration;
			baseConfigurationReference = BB8E0375F031604F01D6424D /* Pods.release.xcconfig */;
			buildSettings = {
				ASSETCATALOG_COMPILER_APPICON_NAME = AppIcon;
				INFOPLIST_FILE = CDDBaseProject/Info.plist;
				LD_RUNPATH_SEARCH_PATHS = "$(inherited) @executable_path/Frameworks";
				PRODUCT_BUNDLE_IDENTIFIER = com.CDDBaseProject;
				PRODUCT_NAME = "$(TARGET_NAME)";
			};
			name = Release;
		};
		E26DE4081C51CDD100D1326D /* Debug */ = {
			isa = XCBuildConfiguration;
			buildSettings = {
				BUNDLE_LOADER = "$(TEST_HOST)";
				INFOPLIST_FILE = CDDBaseProjectTests/Info.plist;
				LD_RUNPATH_SEARCH_PATHS = "$(inherited) @executable_path/Frameworks @loader_path/Frameworks";
				PRODUCT_BUNDLE_IDENTIFIER = com.CDDBaseProjectTests;
				PRODUCT_NAME = "$(TARGET_NAME)";
				TEST_HOST = "$(BUILT_PRODUCTS_DIR)/CDDBaseProject.app/CDDBaseProject";
			};
			name = Debug;
		};
		E26DE4091C51CDD100D1326D /* Release */ = {
			isa = XCBuildConfiguration;
			buildSettings = {
				BUNDLE_LOADER = "$(TEST_HOST)";
				INFOPLIST_FILE = CDDBaseProjectTests/Info.plist;
				LD_RUNPATH_SEARCH_PATHS = "$(inherited) @executable_path/Frameworks @loader_path/Frameworks";
				PRODUCT_BUNDLE_IDENTIFIER = com.CDDBaseProjectTests;
				PRODUCT_NAME = "$(TARGET_NAME)";
				TEST_HOST = "$(BUILT_PRODUCTS_DIR)/CDDBaseProject.app/CDDBaseProject";
			};
			name = Release;
		};
		E26DE40B1C51CDD100D1326D /* Debug */ = {
			isa = XCBuildConfiguration;
			buildSettings = {
				INFOPLIST_FILE = CDDBaseProjectUITests/Info.plist;
				LD_RUNPATH_SEARCH_PATHS = "$(inherited) @executable_path/Frameworks @loader_path/Frameworks";
				PRODUCT_BUNDLE_IDENTIFIER = com.CDDBaseProjectUITests;
				PRODUCT_NAME = "$(TARGET_NAME)";
				TEST_TARGET_NAME = CDDBaseProject;
				USES_XCTRUNNER = YES;
			};
			name = Debug;
		};
		E26DE40C1C51CDD100D1326D /* Release */ = {
			isa = XCBuildConfiguration;
			buildSettings = {
				INFOPLIST_FILE = CDDBaseProjectUITests/Info.plist;
				LD_RUNPATH_SEARCH_PATHS = "$(inherited) @executable_path/Frameworks @loader_path/Frameworks";
				PRODUCT_BUNDLE_IDENTIFIER = com.CDDBaseProjectUITests;
				PRODUCT_NAME = "$(TARGET_NAME)";
				TEST_TARGET_NAME = CDDBaseProject;
				USES_XCTRUNNER = YES;
			};
			name = Release;
		};
/* End XCBuildConfiguration section */

/* Begin XCConfigurationList section */
		E26DE3D21C51CDD100D1326D /* Build configuration list for PBXProject "CDDBaseProject" */ = {
			isa = XCConfigurationList;
			buildConfigurations = (
				E26DE4021C51CDD100D1326D /* Debug */,
				E26DE4031C51CDD100D1326D /* Release */,
			);
			defaultConfigurationIsVisible = 0;
			defaultConfigurationName = Release;
		};
		E26DE4041C51CDD100D1326D /* Build configuration list for PBXNativeTarget "CDDBaseProject" */ = {
			isa = XCConfigurationList;
			buildConfigurations = (
				E26DE4051C51CDD100D1326D /* Debug */,
				E26DE4061C51CDD100D1326D /* Release */,
			);
			defaultConfigurationIsVisible = 0;
			defaultConfigurationName = Release;
		};
		E26DE4071C51CDD100D1326D /* Build configuration list for PBXNativeTarget "CDDBaseProjectTests" */ = {
			isa = XCConfigurationList;
			buildConfigurations = (
				E26DE4081C51CDD100D1326D /* Debug */,
				E26DE4091C51CDD100D1326D /* Release */,
			);
			defaultConfigurationIsVisible = 0;
			defaultConfigurationName = Release;
		};
		E26DE40A1C51CDD100D1326D /* Build configuration list for PBXNativeTarget "CDDBaseProjectUITests" */ = {
			isa = XCConfigurationList;
			buildConfigurations = (
				E26DE40B1C51CDD100D1326D /* Debug */,
				E26DE40C1C51CDD100D1326D /* Release */,
			);
			defaultConfigurationIsVisible = 0;
			defaultConfigurationName = Release;
		};
/* End XCConfigurationList section */
	};
	rootObject = E26DE3CF1C51CDD100D1326D /* Project object */;
}
